<?xml version="1.0" encoding="utf-8"?>
<Project ToolsVersion="4.0" xmlns="http://schemas.microsoft.com/developer/msbuild/2003">
  <ItemGroup>
    <Filter Include="Source Files">
      <UniqueIdentifier>{d3305f8c-1cdd-4dbd-a329-44dee9f02c60}</UniqueIdentifier>
      <Extensions>cpp;c;cxx;rc;def;r;odl;idl;hpj;bat</Extensions>
    </Filter>
    <Filter Include="Header Files">
      <UniqueIdentifier>{15e6ecfa-c573-4607-9880-b62cb3c36ddf}</UniqueIdentifier>
      <Extensions>h;hpp;hxx;hm;inl</Extensions>
    </Filter>
    <Filter Include="Resource Files">
      <UniqueIdentifier>{ea1522bc-9935-49c2-99e7-ffb85177ed73}</UniqueIdentifier>
      <Extensions>ico;cur;bmp;dlg;rc2;rct;bin;rgs;gif;jpg;jpeg;jpe</Extensions>
    </Filter>
  </ItemGroup>
  <ItemGroup>
    <ClCompile Include="Abonent.cpp">
      <Filter>Source Files</Filter>
    </ClCompile>
    <ClCompile Include="AbonentDlg.cpp">
      <Filter>Source Files</Filter>
    </ClCompile>
    <ClCompile Include="MDevice.cpp">
      <Filter>Source Files</Filter>
    </ClCompile>
    <ClCompile Include="Mirag_Vvod.cpp">
      <Filter>Source Files</Filter>
    </ClCompile>
    <ClCompile Include="StdAfx.cpp">
      <Filter>Source Files</Filter>
    </ClCompile>
  </ItemGroup>
  <ItemGroup>
    <ResourceCompile Include="Abonent.rc">
      <Filter>Source Files</Filter>
    </ResourceCompile>
  </ItemGroup>
  <ItemGroup>
    <ClInclude Include="Abonent.h">
      <Filter>Header Files</Filter>
    </ClInclude>
    <ClInclude Include="AbonentDlg.h">
      <Filter>Header Files</Filter>
    </ClInclude>
    <ClInclude Include="DECODE.H">
      <Filter>Header Files</Filter>
    </ClInclude>
    <ClInclude Include="DEPEREM.H">
      <Filter>Header Files</Filter>
    </ClInclude>
    <ClInclude Include="DES2_V35.H">
      <Filter>Header Files</Filter>
    </ClInclude>
    <ClInclude Include="DIF_DEC.H">
      <Filter>Header Files</Filter>
    </ClInclude>
    <ClInclude Include="MDevice.h">
      <Filter>Header Files</Filter>
    </ClInclude>
    <ClInclude Include="Mirag_Vvod.h">
      <Filter>Header Files</Filter>
    </ClInclude>
    <ClInclude Include="Resource.h">
      <Filter>Header Files</Filter>
    </ClInclude>
    <ClInclude Include="StdAfx.h">
      <Filter>Header Files</Filter>
    </ClInclude>
    <ClInclude Include="T90_PLUS.H">
      <Filter>Header Files</Filter>
    </ClInclude>
    <ClInclude Include="REVERSED.H">
      <Filter>Header Files</Filter>
    </ClInclude>
  </ItemGroup>
  <ItemGroup>
    <CustomBuild Include="res\Mirag_Vvod.ico">
      <Filter>Resource Files</Filter>
    </CustomBuild>
    <CustomBuild Include="res\Mirag_Vvod.rc2">
      <Filter>Resource Files</Filter>
    </CustomBuild>
    <CustomBuild Include="ReadMe.txt">
      <Filter>Resource Files</Filter>
    </CustomBuild>
  </ItemGroup>
</Project>